// !$*UTF8*$!
{
	archiveVersion = 1;
	classes = {
	};
	objectVersion = 55;
	objects = {

/* Begin PBXBuildFile section */
		FA5A09D228ACDBB700294B8A /* AppDelegate.swift in Sources */ = {isa = PBXBuildFile; fileRef = FA5A09D128ACDBB700294B8A /* AppDelegate.swift */; };
		FA5A09D428ACDBB700294B8A /* SceneDelegate.swift in Sources */ = {isa = PBXBuildFile; fileRef = FA5A09D328ACDBB700294B8A /* SceneDelegate.swift */; };
		FA5A09D628ACDBB700294B8A /* ToDoListViewController.swift in Sources */ = {isa = PBXBuildFile; fileRef = FA5A09D528ACDBB700294B8A /* ToDoListViewController.swift */; };
		FA5A09D928ACDBB700294B8A /* Main.storyboard in Resources */ = {isa = PBXBuildFile; fileRef = FA5A09D728ACDBB700294B8A /* Main.storyboard */; };
		FA5A09DB28ACDBBC00294B8A /* Assets.xcassets in Resources */ = {isa = PBXBuildFile; fileRef = FA5A09DA28ACDBBC00294B8A /* Assets.xcassets */; };
		FA5A09DE28ACDBBC00294B8A /* LaunchScreen.storyboard in Resources */ = {isa = PBXBuildFile; fileRef = FA5A09DC28ACDBBC00294B8A /* LaunchScreen.storyboard */; };
		FA5A09E928ACDBBD00294B8A /* TodoTests.swift in Sources */ = {isa = PBXBuildFile; fileRef = FA5A09E828ACDBBD00294B8A /* TodoTests.swift */; };
		FA5A09F328ACDBBD00294B8A /* TodoUITests.swift in Sources */ = {isa = PBXBuildFile; fileRef = FA5A09F228ACDBBD00294B8A /* TodoUITests.swift */; };
		FA5A09F528ACDBBD00294B8A /* TodoUITestsLaunchTests.swift in Sources */ = {isa = PBXBuildFile; fileRef = FA5A09F428ACDBBD00294B8A /* TodoUITestsLaunchTests.swift */; };
/* End PBXBuildFile section */

/* Begin PBXContainerItemProxy section */
		FA5A09E528ACDBBD00294B8A /* PBXContainerItemProxy */ = {
			isa = PBXContainerItemProxy;
			containerPortal = FA5A09C628ACDBB700294B8A /* Project object */;
			proxyType = 1;
			remoteGlobalIDString = FA5A09CD28ACDBB700294B8A;
			remoteInfo = Todo;
		};
		FA5A09EF28ACDBBD00294B8A /* PBXContainerItemProxy */ = {
			isa = PBXContainerItemProxy;
			containerPortal = FA5A09C628ACDBB700294B8A /* Project object */;
			proxyType = 1;
			remoteGlobalIDString = FA5A09CD28ACDBB700294B8A;
			remoteInfo = Todo;
		};
/* End PBXContainerItemProxy section */

/* Begin PBXFileReference section */
		FA5A09CE28ACDBB700294B8A /* Todo.app */ = {isa = PBXFileReference; explicitFileType = wrapper.application; includeInIndex = 0; path = Todo.app; sourceTree = BUILT_PRODUCTS_DIR; };
		FA5A09D128ACDBB700294B8A /* AppDelegate.swift */ = {isa = PBXFileReference; lastKnownFileType = sourcecode.swift; path = AppDelegate.swift; sourceTree = "<group>"; };
		FA5A09D328ACDBB700294B8A /* SceneDelegate.swift */ = {isa = PBXFileReference; lastKnownFileType = sourcecode.swift; path = SceneDelegate.swift; sourceTree = "<group>"; };
		FA5A09D528ACDBB700294B8A /* ToDoListViewController.swift */ = {isa = PBXFileReference; lastKnownFileType = sourcecode.swift; path = ToDoListViewController.swift; sourceTree = "<group>"; };
		FA5A09D828ACDBB700294B8A /* Base */ = {isa = PBXFileReference; lastKnownFileType = file.storyboard; name = Base; path = Base.lproj/Main.storyboard; sourceTree = "<group>"; };
		FA5A09DA28ACDBBC00294B8A /* Assets.xcassets */ = {isa = PBXFileReference; lastKnownFileType = folder.assetcatalog; path = Assets.xcassets; sourceTree = "<group>"; };
		FA5A09DD28ACDBBC00294B8A /* Base */ = {isa = PBXFileReference; lastKnownFileType = file.storyboard; name = Base; path = Base.lproj/LaunchScreen.storyboard; sourceTree = "<group>"; };
		FA5A09DF28ACDBBC00294B8A /* Info.plist */ = {isa = PBXFileReference; lastKnownFileType = text.plist.xml; path = Info.plist; sourceTree = "<group>"; };
		FA5A09E428ACDBBD00294B8A /* TodoTests.xctest */ = {isa = PBXFileReference; explicitFileType = wrapper.cfbundle; includeInIndex = 0; path = TodoTests.xctest; sourceTree = BUILT_PRODUCTS_DIR; };
		FA5A09E828ACDBBD00294B8A /* TodoTests.swift */ = {isa = PBXFileReference; lastKnownFileType = sourcecode.swift; path = TodoTests.swift; sourceTree = "<group>"; };
		FA5A09EE28ACDBBD00294B8A /* TodoUITests.xctest */ = {isa = PBXFileReference; explicitFileType = wrapper.cfbundle; includeInIndex = 0; path = TodoUITests.xctest; sourceTree = BUILT_PRODUCTS_DIR; };
		FA5A09F228ACDBBD00294B8A /* TodoUITests.swift */ = {isa = PBXFileReference; lastKnownFileType = sourcecode.swift; path = TodoUITests.swift; sourceTree = "<group>"; };
		FA5A09F428ACDBBD00294B8A /* TodoUITestsLaunchTests.swift */ = {isa = PBXFileReference; lastKnownFileType = sourcecode.swift; path = TodoUITestsLaunchTests.swift; sourceTree = "<group>"; };
/* End PBXFileReference section */

/* Begin PBXFrameworksBuildPhase section */
		FA5A09CB28ACDBB700294B8A /* Frameworks */ = {
			isa = PBXFrameworksBuildPhase;
			buildActionMask = 2147483647;
			files = (
			);
			runOnlyForDeploymentPostprocessing = 0;
		};
		FA5A09E128ACDBBD00294B8A /* Frameworks */ = {
			isa = PBXFrameworksBuildPhase;
			buildActionMask = 2147483647;
			files = (
			);
			runOnlyForDeploymentPostprocessing = 0;
		};
		FA5A09EB28ACDBBD00294B8A /* Frameworks */ = {
			isa = PBXFrameworksBuildPhase;
			buildActionMask = 2147483647;
			files = (
			);
			runOnlyForDeploymentPostprocessing = 0;
		};
/* End PBXFrameworksBuildPhase section */

/* Begin PBXGroup section */
		FA5A09C528ACDBB700294B8A = {
			isa = PBXGroup;
			children = (
				FA5A09D028ACDBB700294B8A /* Todo */,
				FA5A09E728ACDBBD00294B8A /* TodoTests */,
				FA5A09F128ACDBBD00294B8A /* TodoUITests */,
				FA5A09CF28ACDBB700294B8A /* Products */,
			);
			sourceTree = "<group>";
		};
		FA5A09CF28ACDBB700294B8A /* Products */ = {
			isa = PBXGroup;
			children = (
				FA5A09CE28ACDBB700294B8A /* Todo.app */,
				FA5A09E428ACDBBD00294B8A /* TodoTests.xctest */,
				FA5A09EE28ACDBBD00294B8A /* TodoUITests.xctest */,
			);
			name = Products;
			sourceTree = "<group>";
		};
		FA5A09D028ACDBB700294B8A /* Todo */ = {
			isa = PBXGroup;
			children = (
				FA5A09D128ACDBB700294B8A /* AppDelegate.swift */,
				FA5A09D328ACDBB700294B8A /* SceneDelegate.swift */,
				FA5A09D528ACDBB700294B8A /* ToDoListViewController.swift */,
				FA5A09D728ACDBB700294B8A /* Main.storyboard */,
				FA5A09DA28ACDBBC00294B8A /* Assets.xcassets */,
				FA5A09DC28ACDBBC00294B8A /* LaunchScreen.storyboard */,
				FA5A09DF28ACDBBC00294B8A /* Info.plist */,
			);
			path = Todo;
			sourceTree = "<group>";
		};
		FA5A09E728ACDBBD00294B8A /* TodoTests */ = {
			isa = PBXGroup;
			children = (
				FA5A09E828ACDBBD00294B8A /* TodoTests.swift */,
			);
			path = TodoTests;
			sourceTree = "<group>";
		};
		FA5A09F128ACDBBD00294B8A /* TodoUITests */ = {
			isa = PBXGroup;
			children = (
				FA5A09F228ACDBBD00294B8A /* TodoUITests.swift */,
				FA5A09F428ACDBBD00294B8A /* TodoUITestsLaunchTests.swift */,
			);
			path = TodoUITests;
			sourceTree = "<group>";
		};
/* End PBXGroup section */

/* Begin PBXNativeTarget section */
		FA5A09CD28ACDBB700294B8A /* Todo */ = {
			isa = PBXNativeTarget;
			buildConfigurationList = FA5A09F828ACDBBD00294B8A /* Build configuration list for PBXNativeTarget "Todo" */;
			buildPhases = (
				FA5A09CA28ACDBB700294B8A /* Sources */,
				FA5A09CB28ACDBB700294B8A /* Frameworks */,
				FA5A09CC28ACDBB700294B8A /* Resources */,
			);
			buildRules = (
			);
			dependencies = (
			);
			name = Todo;
			productName = Todo;
			productReference = FA5A09CE28ACDBB700294B8A /* Todo.app */;
			productType = "com.apple.product-type.application";
		};
		FA5A09E328ACDBBD00294B8A /* TodoTests */ = {
			isa = PBXNativeTarget;
			buildConfigurationList = FA5A09FB28ACDBBD00294B8A /* Build configuration list for PBXNativeTarget "TodoTests" */;
			buildPhases = (
				FA5A09E028ACDBBD00294B8A /* Sources */,
				FA5A09E128ACDBBD00294B8A /* Frameworks */,
				FA5A09E228ACDBBD00294B8A /* Resources */,
			);
			buildRules = (
			);
			dependencies = (
				FA5A09E628ACDBBD00294B8A /* PBXTargetDependency */,
			);
			name = TodoTests;
			productName = TodoTests;
			productReference = FA5A09E428ACDBBD00294B8A /* TodoTests.xctest */;
			productType = "com.apple.product-type.bundle.unit-test";
		};
		FA5A09ED28ACDBBD00294B8A /* TodoUITests */ = {
			isa = PBXNativeTarget;
			buildConfigurationList = FA5A09FE28ACDBBD00294B8A /* Build configuration list for PBXNativeTarget "TodoUITests" */;
			buildPhases = (
				FA5A09EA28ACDBBD00294B8A /* Sources */,
				FA5A09EB28ACDBBD00294B8A /* Frameworks */,
				FA5A09EC28ACDBBD00294B8A /* Resources */,
			);
			buildRules = (
			);
			dependencies = (
				FA5A09F028ACDBBD00294B8A /* PBXTargetDependency */,
			);
			name = TodoUITests;
			productName = TodoUITests;
			productReference = FA5A09EE28ACDBBD00294B8A /* TodoUITests.xctest */;
			productType = "com.apple.product-type.bundle.ui-testing";
		};
/* End PBXNativeTarget section */

/* Begin PBXProject section */
		FA5A09C628ACDBB700294B8A /* Project object */ = {
			isa = PBXProject;
			attributes = {
				BuildIndependentTargetsInParallel = 1;
				LastSwiftUpdateCheck = 1340;
				LastUpgradeCheck = 1340;
				TargetAttributes = {
					FA5A09CD28ACDBB700294B8A = {
						CreatedOnToolsVersion = 13.4.1;
					};
					FA5A09E328ACDBBD00294B8A = {
						CreatedOnToolsVersion = 13.4.1;
						TestTargetID = FA5A09CD28ACDBB700294B8A;
					};
					FA5A09ED28ACDBBD00294B8A = {
						CreatedOnToolsVersion = 13.4.1;
						TestTargetID = FA5A09CD28ACDBB700294B8A;
					};
				};
			};
			buildConfigurationList = FA5A09C928ACDBB700294B8A /* Build configuration list for PBXProject "Todo" */;
			compatibilityVersion = "Xcode 13.0";
			developmentRegion = en;
			hasScannedForEncodings = 0;
			knownRegions = (
				en,
				Base,
			);
			mainGroup = FA5A09C528ACDBB700294B8A;
			productRefGroup = FA5A09CF28ACDBB700294B8A /* Products */;
			projectDirPath = "";
			projectRoot = "";
			targets = (
				FA5A09CD28ACDBB700294B8A /* Todo */,
				FA5A09E328ACDBBD00294B8A /* TodoTests */,
				FA5A09ED28ACDBBD00294B8A /* TodoUITests */,
			);
		};
/* End PBXProject section */

/* Begin PBXResourcesBuildPhase section */
		FA5A09CC28ACDBB700294B8A /* Resources */ = {
			isa = PBXResourcesBuildPhase;
			buildActionMask = 2147483647;
			files = (
				FA5A09DE28ACDBBC00294B8A /* LaunchScreen.storyboard in Resources */,
				FA5A09DB28ACDBBC00294B8A /* Assets.xcassets in Resources */,
				FA5A09D928ACDBB700294B8A /* Main.storyboard in Resources */,
			);
			runOnlyForDeploymentPostprocessing = 0;
		};
		FA5A09E228ACDBBD00294B8A /* Resources */ = {
			isa = PBXResourcesBuildPhase;
			buildActionMask = 2147483647;
			files = (
			);
			runOnlyForDeploymentPostprocessing = 0;
		};
		FA5A09EC28ACDBBD00294B8A /* Resources */ = {
			isa = PBXResourcesBuildPhase;
			buildActionMask = 2147483647;
			files = (
			);
			runOnlyForDeploymentPostprocessing = 0;
		};
/* End PBXResourcesBuildPhase section */

/* Begin PBXSourcesBuildPhase section */
		FA5A09CA28ACDBB700294B8A /* Sources */ = {
			isa = PBXSourcesBuildPhase;
			buildActionMask = 2147483647;
			files = (
				FA5A09D628ACDBB700294B8A /* ToDoListViewController.swift in Sources */,
				FA5A09D228ACDBB700294B8A /* AppDelegate.swift in Sources */,
				FA5A09D428ACDBB700294B8A /* SceneDelegate.swift in Sources */,
			);
			runOnlyForDeploymentPostprocessing = 0;
		};
		FA5A09E028ACDBBD00294B8A /* Sources */ = {
			isa = PBXSourcesBuildPhase;
			buildActionMask = 2147483647;
			files = (
				FA5A09E928ACDBBD00294B8A /* TodoTests.swift in Sources */,
			);
			runOnlyForDeploymentPostprocessing = 0;
		};
		FA5A09EA28ACDBBD00294B8A /* Sources */ = {
			isa = PBXSourcesBuildPhase;
			buildActionMask = 2147483647;
			files = (
				FA5A09F528ACDBBD00294B8A /* TodoUITestsLaunchTests.swift in Sources */,
				FA5A09F328ACDBBD00294B8A /* TodoUITests.swift in Sources */,
			);
			runOnlyForDeploymentPostprocessing = 0;
		};
/* End PBXSourcesBuildPhase section */

/* Begin PBXTargetDependency section */
		FA5A09E628ACDBBD00294B8A /* PBXTargetDependency */ = {
			isa = PBXTargetDependency;
			target = FA5A09CD28ACDBB700294B8A /* Todo */;
			targetProxy = FA5A09E528ACDBBD00294B8A /* PBXContainerItemProxy */;
		};
		FA5A09F028ACDBBD00294B8A /* PBXTargetDependency */ = {
			isa = PBXTargetDependency;
			target = FA5A09CD28ACDBB700294B8A /* Todo */;
			targetProxy = FA5A09EF28ACDBBD00294B8A /* PBXContainerItemProxy */;
		};
/* End PBXTargetDependency section */

/* Begin PBXVariantGroup section */
		FA5A09D728ACDBB700294B8A /* Main.storyboard */ = {
			isa = PBXVariantGroup;
			children = (
				FA5A09D828ACDBB700294B8A /* Base */,
			);
			name = Main.storyboard;
			sourceTree = "<group>";
		};
		FA5A09DC28ACDBBC00294B8A /* LaunchScreen.storyboard */ = {
			isa = PBXVariantGroup;
			children = (
				FA5A09DD28ACDBBC00294B8A /* Base */,
			);
			name = LaunchScreen.storyboard;
			sourceTree = "<group>";
		};
/* End PBXVariantGroup section */

/* Begin XCBuildConfiguration section */
		FA5A09F628ACDBBD00294B8A /* Debug */ = {
			isa = XCBuildConfiguration;
			buildSettings = {
				ALWAYS_SEARCH_USER_PATHS = NO;
				CLANG_ANALYZER_NONNULL = YES;
				CLANG_ANALYZER_NUMBER_OBJECT_CONVERSION = YES_AGGRESSIVE;
				CLANG_CXX_LANGUAGE_STANDARD = "gnu++17";
				CLANG_ENABLE_MODULES = YES;
				CLANG_ENABLE_OBJC_ARC = YES;
				CLANG_ENABLE_OBJC_WEAK = YES;
				CLANG_WARN_BLOCK_CAPTURE_AUTORELEASING = YES;
				CLANG_WARN_BOOL_CONVERSION = YES;
				CLANG_WARN_COMMA = YES;
				CLANG_WARN_CONSTANT_CONVERSION = YES;
				CLANG_WARN_DEPRECATED_OBJC_IMPLEMENTATIONS = YES;
				CLANG_WARN_DIRECT_OBJC_ISA_USAGE = YES_ERROR;
				CLANG_WARN_DOCUMENTATION_COMMENTS = YES;
				CLANG_WARN_EMPTY_BODY = YES;
				CLANG_WARN_ENUM_CONVERSION = YES;
				CLANG_WARN_INFINITE_RECURSION = YES;
				CLANG_WARN_INT_CONVERSION = YES;
				CLANG_WARN_NON_LITERAL_NULL_CONVERSION = YES;
				CLANG_WARN_OBJC_IMPLICIT_RETAIN_SELF = YES;
				CLANG_WARN_OBJC_LITERAL_CONVERSION = YES;
				CLANG_WARN_OBJC_ROOT_CLASS = YES_ERROR;
				CLANG_WARN_QUOTED_INCLUDE_IN_FRAMEWORK_HEADER = YES;
				CLANG_WARN_RANGE_LOOP_ANALYSIS = YES;
				CLANG_WARN_STRICT_PROTOTYPES = YES;
				CLANG_WARN_SUSPICIOUS_MOVE = YES;
				CLANG_WARN_UNGUARDED_AVAILABILITY = YES_AGGRESSIVE;
				CLANG_WARN_UNREACHABLE_CODE = YES;
				CLANG_WARN__DUPLICATE_METHOD_MATCH = YES;
				COPY_PHASE_STRIP = NO;
				DEBUG_INFORMATION_FORMAT = dwarf;
				ENABLE_STRICT_OBJC_MSGSEND = YES;
				ENABLE_TESTABILITY = YES;
				GCC_C_LANGUAGE_STANDARD = gnu11;
				GCC_DYNAMIC_NO_PIC = NO;
				GCC_NO_COMMON_BLOCKS = YES;
				GCC_OPTIMIZATION_LEVEL = 0;
				GCC_PREPROCESSOR_DEFINITIONS = (
					"DEBUG=1",
					"$(inherited)",
				);
				GCC_WARN_64_TO_32_BIT_CONVERSION = YES;
				GCC_WARN_ABOUT_RETURN_TYPE = YES_ERROR;
				GCC_WARN_UNDECLARED_SELECTOR = YES;
				GCC_WARN_UNINITIALIZED_AUTOS = YES_AGGRESSIVE;
				GCC_WARN_UNUSED_FUNCTION = YES;
				GCC_WARN_UNUSED_VARIABLE = YES;
				IPHONEOS_DEPLOYMENT_TARGET = 15.5;
				MTL_ENABLE_DEBUG_INFO = INCLUDE_SOURCE;
				MTL_FAST_MATH = YES;
				ONLY_ACTIVE_ARCH = YES;
				SDKROOT = iphoneos;
				SWIFT_ACTIVE_COMPILATION_CONDITIONS = DEBUG;
				SWIFT_OPTIMIZATION_LEVEL = "-Onone";
			};
			name = Debug;
		};
		FA5A09F728ACDBBD00294B8A /* Release */ = {
			isa = XCBuildConfiguration;
			buildSettings = {
				ALWAYS_SEARCH_USER_PATHS = NO;
				CLANG_ANALYZER_NONNULL = YES;
				CLANG_ANALYZER_NUMBER_OBJECT_CONVERSION = YES_AGGRESSIVE;
				CLANG_CXX_LANGUAGE_STANDARD = "gnu++17";
				CLANG_ENABLE_MODULES = YES;
				CLANG_ENABLE_OBJC_ARC = YES;
				CLANG_ENABLE_OBJC_WEAK = YES;
				CLANG_WARN_BLOCK_CAPTURE_AUTORELEASING = YES;
				CLANG_WARN_BOOL_CONVERSION = YES;
				CLANG_WARN_COMMA = YES;
				CLANG_WARN_CONSTANT_CONVERSION = YES;
				CLANG_WARN_DEPRECATED_OBJC_IMPLEMENTATIONS = YES;
				CLANG_WARN_DIRECT_OBJC_ISA_USAGE = YES_ERROR;
				CLANG_WARN_DOCUMENTATION_COMMENTS = YES;
				CLANG_WARN_EMPTY_BODY = YES;
				CLANG_WARN_ENUM_CONVERSION = YES;
				CLANG_WARN_INFINITE_RECURSION = YES;
				CLANG_WARN_INT_CONVERSION = YES;
				CLANG_WARN_NON_LITERAL_NULL_CONVERSION = YES;
				CLANG_WARN_OBJC_IMPLICIT_RETAIN_SELF = YES;
				CLANG_WARN_OBJC_LITERAL_CONVERSION = YES;
				CLANG_WARN_OBJC_ROOT_CLASS = YES_ERROR;
				CLANG_WARN_QUOTED_INCLUDE_IN_FRAMEWORK_HEADER = YES;
				CLANG_WARN_RANGE_LOOP_ANALYSIS = YES;
				CLANG_WARN_STRICT_PROTOTYPES = YES;
				CLANG_WARN_SUSPICIOUS_MOVE = YES;
				CLANG_WARN_UNGUARDED_AVAILABILITY = YES_AGGRESSIVE;
				CLANG_WARN_UNREACHABLE_CODE = YES;
				CLANG_WARN__DUPLICATE_METHOD_MATCH = YES;
				COPY_PHASE_STRIP = NO;
				DEBUG_INFORMATION_FORMAT = "dwarf-with-dsym";
				ENABLE_NS_ASSERTIONS = NO;
				ENABLE_STRICT_OBJC_MSGSEND = YES;
				GCC_C_LANGUAGE_STANDARD = gnu11;
				GCC_NO_COMMON_BLOCKS = YES;
				GCC_WARN_64_TO_32_BIT_CONVERSION = YES;
				GCC_WARN_ABOUT_RETURN_TYPE = YES_ERROR;
				GCC_WARN_UNDECLARED_SELECTOR = YES;
				GCC_WARN_UNINITIALIZED_AUTOS = YES_AGGRESSIVE;
				GCC_WARN_UNUSED_FUNCTION = YES;
				GCC_WARN_UNUSED_VARIABLE = YES;
				IPHONEOS_DEPLOYMENT_TARGET = 15.5;
				MTL_ENABLE_DEBUG_INFO = NO;
				MTL_FAST_MATH = YES;
				SDKROOT = iphoneos;
				SWIFT_COMPILATION_MODE = wholemodule;
				SWIFT_OPTIMIZATION_LEVEL = "-O";
				VALIDATE_PRODUCT = YES;
			};
			name = Release;
		};
		FA5A09F928ACDBBD00294B8A /* Debug */ = {
			isa = XCBuildConfiguration;
			buildSettings = {
				ASSETCATALOG_COMPILER_APPICON_NAME = AppIcon;
				ASSETCATALOG_COMPILER_GLOBAL_ACCENT_COLOR_NAME = AccentColor;
				CODE_SIGN_STYLE = Automatic;
				CURRENT_PROJECT_VERSION = 1;
				DEVELOPMENT_TEAM = 7FMXBA4W4Y;
				GENERATE_INFOPLIST_FILE = YES;
				INFOPLIST_FILE = Todo/Info.plist;
				INFOPLIST_KEY_UIApplicationSupportsIndirectInputEvents = YES;
				INFOPLIST_KEY_UILaunchStoryboardName = LaunchScreen;
				INFOPLIST_KEY_UIMainStoryboardFile = Main;
				INFOPLIST_KEY_UISupportedInterfaceOrientations_iPad = "UIInterfaceOrientationPortrait UIInterfaceOrientationPortraitUpsideDown UIInterfaceOrientationLandscapeLeft UIInterfaceOrientationLandscapeRight";
				INFOPLIST_KEY_UISupportedInterfaceOrientations_iPhone = "UIInterfaceOrientationPortrait UIInterfaceOrientationLandscapeLeft UIInterfaceOrientationLandscapeRight";
				LD_RUNPATH_SEARCH_PATHS = (
					"$(inherited)",
					"@executable_path/Frameworks",
				);
				MARKETING_VERSION = 1.0;
				PRODUCT_BUNDLE_IDENTIFIER = com.bl.Todo;
				PRODUCT_NAME = "$(TARGET_NAME)";
				SWIFT_EMIT_LOC_STRINGS = YES;
				SWIFT_VERSION = 5.0;
				TARGETED_DEVICE_FAMILY = "1,2";
			};
			name = Debug;
		};
		FA5A09FA28ACDBBD00294B8A /* Release */ = {
			isa = XCBuildConfiguration;
			buildSettings = {
				ASSETCATALOG_COMPILER_APPICON_NAME = AppIcon;
				ASSETCATALOG_COMPILER_GLOBAL_ACCENT_COLOR_NAME = AccentColor;
				CODE_SIGN_STYLE = Automatic;
				CURRENT_PROJECT_VERSION = 1;
				DEVELOPMENT_TEAM = 7FMXBA4W4Y;
				GENERATE_INFOPLIST_FILE = YES;
				INFOPLIST_FILE = Todo/Info.plist;
				INFOPLIST_KEY_UIApplicationSupportsIndirectInputEvents = YES;
				INFOPLIST_KEY_UILaunchStoryboardName = LaunchScreen;
				INFOPLIST_KEY_UIMainStoryboardFile = Main;
				INFOPLIST_KEY_UISupportedInterfaceOrientations_iPad = "UIInterfaceOrientationPortrait UIInterfaceOrientationPortraitUpsideDown UIInterfaceOrientationLandscapeLeft UIInterfaceOrientationLandscapeRight";
				INFOPLIST_KEY_UISupportedInterfaceOrientations_iPhone = "UIInterfaceOrientationPortrait UIInterfaceOrientationLandscapeLeft UIInterfaceOrientationLandscapeRight";
				LD_RUNPATH_SEARCH_PATHS = (
					"$(inherited)",
					"@executable_path/Frameworks",
				);
				MARKETING_VERSION = 1.0;
				PRODUCT_BUNDLE_IDENTIFIER = com.bl.Todo;
				PRODUCT_NAME = "$(TARGET_NAME)";
				SWIFT_EMIT_LOC_STRINGS = YES;
				SWIFT_VERSION = 5.0;
				TARGETED_DEVICE_FAMILY = "1,2";
			};
			name = Release;
		};
		FA5A09FC28ACDBBD00294B8A /* Debug */ = {
			isa = XCBuildConfiguration;
			buildSettings = {
				ALWAYS_EMBED_SWIFT_STANDARD_LIBRARIES = YES;
				BUNDLE_LOADER = "$(TEST_HOST)";
				CODE_SIGN_STYLE = Automatic;
				CURRENT_PROJECT_VERSION = 1;
				DEVELOPMENT_TEAM = 7FMXBA4W4Y;
				GENERATE_INFOPLIST_FILE = YES;
				IPHONEOS_DEPLOYMENT_TARGET = 15.5;
				MARKETING_VERSION = 1.0;
				PRODUCT_BUNDLE_IDENTIFIER = com.bl.TodoTests;
				PRODUCT_NAME = "$(TARGET_NAME)";
				SWIFT_EMIT_LOC_STRINGS = NO;
				SWIFT_VERSION = 5.0;
				TARGETED_DEVICE_FAMILY = "1,2";
				TEST_HOST = "$(BUILT_PRODUCTS_DIR)/Todo.app/Todo";
			};
			name = Debug;
		};
		FA5A09FD28ACDBBD00294B8A /* Release */ = {
			isa = XCBuildConfiguration;
			buildSettings = {
				ALWAYS_EMBED_SWIFT_STANDARD_LIBRARIES = YES;
				BUNDLE_LOADER = "$(TEST_HOST)";
				CODE_SIGN_STYLE = Automatic;
				CURRENT_PROJECT_VERSION = 1;
				DEVELOPMENT_TEAM = 7FMXBA4W4Y;
				GENERATE_INFOPLIST_FILE = YES;
				IPHONEOS_DEPLOYMENT_TARGET = 15.5;
				MARKETING_VERSION = 1.0;
				PRODUCT_BUNDLE_IDENTIFIER = com.bl.TodoTests;
				PRODUCT_NAME = "$(TARGET_NAME)";
				SWIFT_EMIT_LOC_STRINGS = NO;
				SWIFT_VERSION = 5.0;
				TARGETED_DEVICE_FAMILY = "1,2";
				TEST_HOST = "$(BUILT_PRODUCTS_DIR)/Todo.app/Todo";
			};
			name = Release;
		};
		FA5A09FF28ACDBBD00294B8A /* Debug */ = {
			isa = XCBuildConfiguration;
			buildSettings = {
				ALWAYS_EMBED_SWIFT_STANDARD_LIBRARIES = YES;
				CODE_SIGN_STYLE = Automatic;
				CURRENT_PROJECT_VERSION = 1;
				DEVELOPMENT_TEAM = 7FMXBA4W4Y;
				GENERATE_INFOPLIST_FILE = YES;
				MARKETING_VERSION = 1.0;
				PRODUCT_BUNDLE_IDENTIFIER = com.bl.TodoUITests;
				PRODUCT_NAME = "$(TARGET_NAME)";
				SWIFT_EMIT_LOC_STRINGS = NO;
				SWIFT_VERSION = 5.0;
				TARGETED_DEVICE_FAMILY = "1,2";
				TEST_TARGET_NAME = Todo;
			};
			name = Debug;
		};
		FA5A0A0028ACDBBD00294B8A /* Release */ = {
			isa = XCBuildConfiguration;
			buildSettings = {
				ALWAYS_EMBED_SWIFT_STANDARD_LIBRARIES = YES;
				CODE_SIGN_STYLE = Automatic;
				CURRENT_PROJECT_VERSION = 1;
				DEVELOPMENT_TEAM = 7FMXBA4W4Y;
				GENERATE_INFOPLIST_FILE = YES;
				MARKETING_VERSION = 1.0;
				PRODUCT_BUNDLE_IDENTIFIER = com.bl.TodoUITests;
				PRODUCT_NAME = "$(TARGET_NAME)";
				SWIFT_EMIT_LOC_STRINGS = NO;
				SWIFT_VERSION = 5.0;
				TARGETED_DEVICE_FAMILY = "1,2";
				TEST_TARGET_NAME = Todo;
			};
			name = Release;
		};
/* End XCBuildConfiguration section */

/* Begin XCConfigurationList section */
		FA5A09C928ACDBB700294B8A /* Build configuration list for PBXProject "Todo" */ = {
			isa = XCConfigurationList;
			buildConfigurations = (
				FA5A09F628ACDBBD00294B8A /* Debug */,
				FA5A09F728ACDBBD00294B8A /* Release */,
			);
			defaultConfigurationIsVisible = 0;
			defaultConfigurationName = Release;
		};
		FA5A09F828ACDBBD00294B8A /* Build configuration list for PBXNativeTarget "Todo" */ = {
			isa = XCConfigurationList;
			buildConfigurations = (
				FA5A09F928ACDBBD00294B8A /* Debug */,
				FA5A09FA28ACDBBD00294B8A /* Release */,
			);
			defaultConfigurationIsVisible = 0;
			defaultConfigurationName = Release;
		};
		FA5A09FB28ACDBBD00294B8A /* Build configuration list for PBXNativeTarget "TodoTests" */ = {
			isa = XCConfigurationList;
			buildConfigurations = (
				FA5A09FC28ACDBBD00294B8A /* Debug */,
				FA5A09FD28ACDBBD00294B8A /* Release */,
			);
			defaultConfigurationIsVisible = 0;
			defaultConfigurationName = Release;
		};
		FA5A09FE28ACDBBD00294B8A /* Build configuration list for PBXNativeTarget "TodoUITests" */ = {
			isa = XCConfigurationList;
			buildConfigurations = (
				FA5A09FF28ACDBBD00294B8A /* Debug */,
				FA5A0A0028ACDBBD00294B8A /* Release */,
			);
			defaultConfigurationIsVisible = 0;
			defaultConfigurationName = Release;
		};
/* End XCConfigurationList section */
	};
	rootObject = FA5A09C628ACDBB700294B8A /* Project object */;
}
